{
  "name": "@aether/kernel",
  "version": "0.1.0",
  "lockfileVersion": 3,
  "requires": true,
  "packages": {
    "": {
      "name": "@aether/kernel",
      "version": "0.1.0",
      "dependencies": {
        "@aether/shared": "file:../shared"
      }
    },
    "../shared": {
      "name": "@aether/shared",
      "version": "0.1.0"
    },
    "node_modules/@aether/shared": {
      "resolved": "../shared",
      "link": true
    }
  }
}
